{
  "version": 4,
  "terraform_version": "0.12.21",
  "serial": 3,
  "lineage": "5b7d11fb-2825-5084-c458-23aa83ce70bc",
  "outputs": {},
  "resources": [
    {
      "mode": "managed",
      "type": "digitalocean_droplet",
      "name": "mentor",
      "each": "list",
      "provider": "provider.digitalocean",
      "instances": [
        {
          "index_key": 0,
          "schema_version": 1,
          "attributes": {
            "backups": false,
            "created_at": "2020-02-08T16:42:32Z",
            "disk": 25,
            "id": "179450807",
            "image": "58868449",
            "ipv4_address": "159.203.121.178",
            "ipv4_address_private": "",
            "ipv6": false,
            "ipv6_address": "",
            "ipv6_address_private": null,
            "locked": false,
            "memory": 1024,
            "monitoring": false,
            "name": "mentor-algo",
            "price_hourly": 0.00744,
            "price_monthly": 5,
            "private_networking": false,
            "region": "nyc3",
            "resize_disk": true,
            "size": "s-1vcpu-1gb",
            "ssh_keys": null,
            "status": "active",
            "tags": [
              "terraform",
              "vpn"
            ],
            "urn": "do:droplet:179450807",
            "user_data": null,
            "vcpus": 1,
            "volume_ids": [],
            "vpc_uuid": ""
          },
          "private": "eyJzY2hlbWFfdmVyc2lvbiI6IjEifQ=="
        }
      ]
    }
  ]
}
